// !$*UTF8*$!
{
	archiveVersion = 1;
	classes = {
	};
	objectVersion = 46;
	objects = {

/* Begin PBXBuildFile section */
		7E3629131E52B2A200C3C1B4 /* AppDelegate.swift in Sources */ = {isa = PBXBuildFile; fileRef = 7E3629121E52B2A200C3C1B4 /* AppDelegate.swift */; };
		7E3629151E52B2A200C3C1B4 /* HomeVC.swift in Sources */ = {isa = PBXBuildFile; fileRef = 7E3629141E52B2A200C3C1B4 /* HomeVC.swift */; };
		7E3629181E52B2A200C3C1B4 /* Main.storyboard in Resources */ = {isa = PBXBuildFile; fileRef = 7E3629161E52B2A200C3C1B4 /* Main.storyboard */; };
		7E36291A1E52B2A200C3C1B4 /* Assets.xcassets in Resources */ = {isa = PBXBuildFile; fileRef = 7E3629191E52B2A200C3C1B4 /* Assets.xcassets */; };
		7E36291D1E52B2A200C3C1B4 /* LaunchScreen.storyboard in Resources */ = {isa = PBXBuildFile; fileRef = 7E36291B1E52B2A200C3C1B4 /* LaunchScreen.storyboard */; };
		7E3629291E52B73000C3C1B4 /* HomeCell.swift in Sources */ = {isa = PBXBuildFile; fileRef = 7E3629281E52B73000C3C1B4 /* HomeCell.swift */; };
		7E36292B1E52BF2C00C3C1B4 /* MealVC.swift in Sources */ = {isa = PBXBuildFile; fileRef = 7E36292A1E52BF2C00C3C1B4 /* MealVC.swift */; };
		7E36292D1E52C04B00C3C1B4 /* MealCell.swift in Sources */ = {isa = PBXBuildFile; fileRef = 7E36292C1E52C04B00C3C1B4 /* MealCell.swift */; };
		7E36292F1E52C2EE00C3C1B4 /* CircularImage.swift in Sources */ = {isa = PBXBuildFile; fileRef = 7E36292E1E52C2EE00C3C1B4 /* CircularImage.swift */; };
		7E3629311E52C73E00C3C1B4 /* RecipeVC.swift in Sources */ = {isa = PBXBuildFile; fileRef = 7E3629301E52C73E00C3C1B4 /* RecipeVC.swift */; };
		7E3629331E52C82E00C3C1B4 /* RecipeImageCell.swift in Sources */ = {isa = PBXBuildFile; fileRef = 7E3629321E52C82E00C3C1B4 /* RecipeImageCell.swift */; };
		7E3629351E52CBAC00C3C1B4 /* DescriptionCell.swift in Sources */ = {isa = PBXBuildFile; fileRef = 7E3629341E52CBAC00C3C1B4 /* DescriptionCell.swift */; };
		7E3629371E52CBBB00C3C1B4 /* IntructionsCell.swift in Sources */ = {isa = PBXBuildFile; fileRef = 7E3629361E52CBBB00C3C1B4 /* IntructionsCell.swift */; };
		7E3629391E52CBC600C3C1B4 /* DirectionsCell.swift in Sources */ = {isa = PBXBuildFile; fileRef = 7E3629381E52CBC600C3C1B4 /* DirectionsCell.swift */; };
		7E36293B1E5390E000C3C1B4 /* Recipe.swift in Sources */ = {isa = PBXBuildFile; fileRef = 7E36293A1E5390E000C3C1B4 /* Recipe.swift */; };
/* End PBXBuildFile section */

/* Begin PBXFileReference section */
		7E36290F1E52B2A200C3C1B4 /* CUBANR.app */ = {isa = PBXFileReference; explicitFileType = wrapper.application; includeInIndex = 0; path = CUBANR.app; sourceTree = BUILT_PRODUCTS_DIR; };
		7E3629121E52B2A200C3C1B4 /* AppDelegate.swift */ = {isa = PBXFileReference; lastKnownFileType = sourcecode.swift; path = AppDelegate.swift; sourceTree = "<group>"; };
		7E3629141E52B2A200C3C1B4 /* HomeVC.swift */ = {isa = PBXFileReference; lastKnownFileType = sourcecode.swift; path = HomeVC.swift; sourceTree = "<group>"; };
		7E3629171E52B2A200C3C1B4 /* Base */ = {isa = PBXFileReference; lastKnownFileType = file.storyboard; name = Base; path = Base.lproj/Main.storyboard; sourceTree = "<group>"; };
		7E3629191E52B2A200C3C1B4 /* Assets.xcassets */ = {isa = PBXFileReference; lastKnownFileType = folder.assetcatalog; path = Assets.xcassets; sourceTree = "<group>"; };
		7E36291C1E52B2A200C3C1B4 /* Base */ = {isa = PBXFileReference; lastKnownFileType = file.storyboard; name = Base; path = Base.lproj/LaunchScreen.storyboard; sourceTree = "<group>"; };
		7E36291E1E52B2A200C3C1B4 /* Info.plist */ = {isa = PBXFileReference; lastKnownFileType = text.plist.xml; path = Info.plist; sourceTree = "<group>"; };
		7E3629281E52B73000C3C1B4 /* HomeCell.swift */ = {isa = PBXFileReference; fileEncoding = 4; lastKnownFileType = sourcecode.swift; path = HomeCell.swift; sourceTree = "<group>"; };
		7E36292A1E52BF2C00C3C1B4 /* MealVC.swift */ = {isa = PBXFileReference; fileEncoding = 4; lastKnownFileType = sourcecode.swift; path = MealVC.swift; sourceTree = "<group>"; };
		7E36292C1E52C04B00C3C1B4 /* MealCell.swift */ = {isa = PBXFileReference; fileEncoding = 4; lastKnownFileType = sourcecode.swift; path = MealCell.swift; sourceTree = "<group>"; };
		7E36292E1E52C2EE00C3C1B4 /* CircularImage.swift */ = {isa = PBXFileReference; fileEncoding = 4; lastKnownFileType = sourcecode.swift; path = CircularImage.swift; sourceTree = "<group>"; };
		7E3629301E52C73E00C3C1B4 /* RecipeVC.swift */ = {isa = PBXFileReference; fileEncoding = 4; lastKnownFileType = sourcecode.swift; path = RecipeVC.swift; sourceTree = "<group>"; };
		7E3629321E52C82E00C3C1B4 /* RecipeImageCell.swift */ = {isa = PBXFileReference; fileEncoding = 4; lastKnownFileType = sourcecode.swift; path = RecipeImageCell.swift; sourceTree = "<group>"; };
		7E3629341E52CBAC00C3C1B4 /* DescriptionCell.swift */ = {isa = PBXFileReference; fileEncoding = 4; lastKnownFileType = sourcecode.swift; path = DescriptionCell.swift; sourceTree = "<group>"; };
		7E3629361E52CBBB00C3C1B4 /* IntructionsCell.swift */ = {isa = PBXFileReference; fileEncoding = 4; lastKnownFileType = sourcecode.swift; path = IntructionsCell.swift; sourceTree = "<group>"; };
		7E3629381E52CBC600C3C1B4 /* DirectionsCell.swift */ = {isa = PBXFileReference; fileEncoding = 4; lastKnownFileType = sourcecode.swift; path = DirectionsCell.swift; sourceTree = "<group>"; };
		7E36293A1E5390E000C3C1B4 /* Recipe.swift */ = {isa = PBXFileReference; fileEncoding = 4; lastKnownFileType = sourcecode.swift; path = Recipe.swift; sourceTree = "<group>"; };
/* End PBXFileReference section */

/* Begin PBXFrameworksBuildPhase section */
		7E36290C1E52B2A100C3C1B4 /* Frameworks */ = {
			isa = PBXFrameworksBuildPhase;
			buildActionMask = 2147483647;
			files = (
			);
			runOnlyForDeploymentPostprocessing = 0;
		};
/* End PBXFrameworksBuildPhase section */

/* Begin PBXGroup section */
		7E3629061E52B2A100C3C1B4 = {
			isa = PBXGroup;
			children = (
				7E3629111E52B2A200C3C1B4 /* CUBANR */,
				7E3629101E52B2A200C3C1B4 /* Products */,
			);
			sourceTree = "<group>";
		};
		7E3629101E52B2A200C3C1B4 /* Products */ = {
			isa = PBXGroup;
			children = (
				7E36290F1E52B2A200C3C1B4 /* CUBANR.app */,
			);
			name = Products;
			sourceTree = "<group>";
		};
		7E3629111E52B2A200C3C1B4 /* CUBANR */ = {
			isa = PBXGroup;
			children = (
				7E3629241E52B2B800C3C1B4 /* Model */,
				7E3629251E52B2C200C3C1B4 /* View */,
				7E3629271E52B2D100C3C1B4 /* Controller */,
				7E3629121E52B2A200C3C1B4 /* AppDelegate.swift */,
				7E3629161E52B2A200C3C1B4 /* Main.storyboard */,
				7E3629191E52B2A200C3C1B4 /* Assets.xcassets */,
				7E36291B1E52B2A200C3C1B4 /* LaunchScreen.storyboard */,
				7E36291E1E52B2A200C3C1B4 /* Info.plist */,
			);
			path = CUBANR;
			sourceTree = "<group>";
		};
		7E3629241E52B2B800C3C1B4 /* Model */ = {
			isa = PBXGroup;
			children = (
				7E36293A1E5390E000C3C1B4 /* Recipe.swift */,
			);
			name = Model;
			sourceTree = "<group>";
		};
		7E3629251E52B2C200C3C1B4 /* View */ = {
			isa = PBXGroup;
			children = (
				7E3629281E52B73000C3C1B4 /* HomeCell.swift */,
				7E36292C1E52C04B00C3C1B4 /* MealCell.swift */,
				7E3629321E52C82E00C3C1B4 /* RecipeImageCell.swift */,
				7E3629341E52CBAC00C3C1B4 /* DescriptionCell.swift */,
				7E3629361E52CBBB00C3C1B4 /* IntructionsCell.swift */,
				7E3629381E52CBC600C3C1B4 /* DirectionsCell.swift */,
				7E36292E1E52C2EE00C3C1B4 /* CircularImage.swift */,
			);
			name = View;
			sourceTree = "<group>";
		};
		7E3629271E52B2D100C3C1B4 /* Controller */ = {
			isa = PBXGroup;
			children = (
				7E3629141E52B2A200C3C1B4 /* HomeVC.swift */,
				7E36292A1E52BF2C00C3C1B4 /* MealVC.swift */,
				7E3629301E52C73E00C3C1B4 /* RecipeVC.swift */,
			);
			name = Controller;
			sourceTree = "<group>";
		};
/* End PBXGroup section */

/* Begin PBXNativeTarget section */
		7E36290E1E52B2A100C3C1B4 /* CUBANR */ = {
			isa = PBXNativeTarget;
			buildConfigurationList = 7E3629211E52B2A200C3C1B4 /* Build configuration list for PBXNativeTarget "CUBANR" */;
			buildPhases = (
				7E36290B1E52B2A100C3C1B4 /* Sources */,
				7E36290C1E52B2A100C3C1B4 /* Frameworks */,
				7E36290D1E52B2A100C3C1B4 /* Resources */,
			);
			buildRules = (
			);
			dependencies = (
			);
			name = CUBANR;
			productName = CUBANR;
			productReference = 7E36290F1E52B2A200C3C1B4 /* CUBANR.app */;
			productType = "com.apple.product-type.application";
		};
/* End PBXNativeTarget section */

/* Begin PBXProject section */
		7E3629071E52B2A100C3C1B4 /* Project object */ = {
			isa = PBXProject;
			attributes = {
				LastSwiftUpdateCheck = 0820;
				LastUpgradeCheck = 0820;
				ORGANIZATIONNAME = "alejandro casanas";
				TargetAttributes = {
					7E36290E1E52B2A100C3C1B4 = {
						CreatedOnToolsVersion = 8.2.1;
						DevelopmentTeam = 5B8N6BYPKF;
						ProvisioningStyle = Automatic;
					};
				};
			};
			buildConfigurationList = 7E36290A1E52B2A100C3C1B4 /* Build configuration list for PBXProject "CUBANR" */;
			compatibilityVersion = "Xcode 3.2";
			developmentRegion = English;
			hasScannedForEncodings = 0;
			knownRegions = (
				en,
				Base,
			);
			mainGroup = 7E3629061E52B2A100C3C1B4;
			productRefGroup = 7E3629101E52B2A200C3C1B4 /* Products */;
			projectDirPath = "";
			projectRoot = "";
			targets = (
				7E36290E1E52B2A100C3C1B4 /* CUBANR */,
			);
		};
/* End PBXProject section */

/* Begin PBXResourcesBuildPhase section */
		7E36290D1E52B2A100C3C1B4 /* Resources */ = {
			isa = PBXResourcesBuildPhase;
			buildActionMask = 2147483647;
			files = (
				7E36291D1E52B2A200C3C1B4 /* LaunchScreen.storyboard in Resources */,
				7E36291A1E52B2A200C3C1B4 /* Assets.xcassets in Resources */,
				7E3629181E52B2A200C3C1B4 /* Main.storyboard in Resources */,
			);
			runOnlyForDeploymentPostprocessing = 0;
		};
/* End PBXResourcesBuildPhase section */

/* Begin PBXSourcesBuildPhase section */
		7E36290B1E52B2A100C3C1B4 /* Sources */ = {
			isa = PBXSourcesBuildPhase;
			buildActionMask = 2147483647;
			files = (
				7E36292D1E52C04B00C3C1B4 /* MealCell.swift in Sources */,
				7E3629151E52B2A200C3C1B4 /* HomeVC.swift in Sources */,
				7E3629351E52CBAC00C3C1B4 /* DescriptionCell.swift in Sources */,
				7E36293B1E5390E000C3C1B4 /* Recipe.swift in Sources */,
				7E36292F1E52C2EE00C3C1B4 /* CircularImage.swift in Sources */,
				7E3629331E52C82E00C3C1B4 /* RecipeImageCell.swift in Sources */,
				7E3629291E52B73000C3C1B4 /* HomeCell.swift in Sources */,
				7E3629131E52B2A200C3C1B4 /* AppDelegate.swift in Sources */,
				7E36292B1E52BF2C00C3C1B4 /* MealVC.swift in Sources */,
				7E3629391E52CBC600C3C1B4 /* DirectionsCell.swift in Sources */,
				7E3629371E52CBBB00C3C1B4 /* IntructionsCell.swift in Sources */,
				7E3629311E52C73E00C3C1B4 /* RecipeVC.swift in Sources */,
			);
			runOnlyForDeploymentPostprocessing = 0;
		};
/* End PBXSourcesBuildPhase section */

/* Begin PBXVariantGroup section */
		7E3629161E52B2A200C3C1B4 /* Main.storyboard */ = {
			isa = PBXVariantGroup;
			children = (
				7E3629171E52B2A200C3C1B4 /* Base */,
			);
			name = Main.storyboard;
			sourceTree = "<group>";
		};
		7E36291B1E52B2A200C3C1B4 /* LaunchScreen.storyboard */ = {
			isa = PBXVariantGroup;
			children = (
				7E36291C1E52B2A200C3C1B4 /* Base */,
			);
			name = LaunchScreen.storyboard;
			sourceTree = "<group>";
		};
/* End PBXVariantGroup section */

/* Begin XCBuildConfiguration section */
		7E36291F1E52B2A200C3C1B4 /* Debug */ = {
			isa = XCBuildConfiguration;
			buildSettings = {
				ALWAYS_SEARCH_USER_PATHS = NO;
				CLANG_ANALYZER_NONNULL = YES;
				CLANG_CXX_LANGUAGE_STANDARD = "gnu++0x";
				CLANG_CXX_LIBRARY = "libc++";
				CLANG_ENABLE_MODULES = YES;
				CLANG_ENABLE_OBJC_ARC = YES;
				CLANG_WARN_BOOL_CONVERSION = YES;
				CLANG_WARN_CONSTANT_CONVERSION = YES;
				CLANG_WARN_DIRECT_OBJC_ISA_USAGE = YES_ERROR;
				CLANG_WARN_DOCUMENTATION_COMMENTS = YES;
				CLANG_WARN_EMPTY_BODY = YES;
				CLANG_WARN_ENUM_CONVERSION = YES;
				CLANG_WARN_INFINITE_RECURSION = YES;
				CLANG_WARN_INT_CONVERSION = YES;
				CLANG_WARN_OBJC_ROOT_CLASS = YES_ERROR;
				CLANG_WARN_SUSPICIOUS_MOVE = YES;
				CLANG_WARN_UNREACHABLE_CODE = YES;
				CLANG_WARN__DUPLICATE_METHOD_MATCH = YES;
				"CODE_SIGN_IDENTITY[sdk=iphoneos*]" = "iPhone Developer";
				COPY_PHASE_STRIP = NO;
				DEBUG_INFORMATION_FORMAT = dwarf;
				ENABLE_STRICT_OBJC_MSGSEND = YES;
				ENABLE_TESTABILITY = YES;
				GCC_C_LANGUAGE_STANDARD = gnu99;
				GCC_DYNAMIC_NO_PIC = NO;
				GCC_NO_COMMON_BLOCKS = YES;
				GCC_OPTIMIZATION_LEVEL = 0;
				GCC_PREPROCESSOR_DEFINITIONS = (
					"DEBUG=1",
					"$(inherited)",
				);
				GCC_WARN_64_TO_32_BIT_CONVERSION = YES;
				GCC_WARN_ABOUT_RETURN_TYPE = YES_ERROR;
				GCC_WARN_UNDECLARED_SELECTOR = YES;
				GCC_WARN_UNINITIALIZED_AUTOS = YES_AGGRESSIVE;
				GCC_WARN_UNUSED_FUNCTION = YES;
				GCC_WARN_UNUSED_VARIABLE = YES;
				IPHONEOS_DEPLOYMENT_TARGET = 10.2;
				MTL_ENABLE_DEBUG_INFO = YES;
				ONLY_ACTIVE_ARCH = YES;
				SDKROOT = iphoneos;
				SWIFT_ACTIVE_COMPILATION_CONDITIONS = DEBUG;
				SWIFT_OPTIMIZATION_LEVEL = "-Onone";
				TARGETED_DEVICE_FAMILY = "1,2";
			};
			name = Debug;
		};
		7E3629201E52B2A200C3C1B4 /* Release */ = {
			isa = XCBuildConfiguration;
			buildSettings = {
				ALWAYS_SEARCH_USER_PATHS = NO;
				CLANG_ANALYZER_NONNULL = YES;
				CLANG_CXX_LANGUAGE_STANDARD = "gnu++0x";
				CLANG_CXX_LIBRARY = "libc++";
				CLANG_ENABLE_MODULES = YES;
				CLANG_ENABLE_OBJC_ARC = YES;
				CLANG_WARN_BOOL_CONVERSION = YES;
				CLANG_WARN_CONSTANT_CONVERSION = YES;
				CLANG_WARN_DIRECT_OBJC_ISA_USAGE = YES_ERROR;
				CLANG_WARN_DOCUMENTATION_COMMENTS = YES;
				CLANG_WARN_EMPTY_BODY = YES;
				CLANG_WARN_ENUM_CONVERSION = YES;
				CLANG_WARN_INFINITE_RECURSION = YES;
				CLANG_WARN_INT_CONVERSION = YES;
				CLANG_WARN_OBJC_ROOT_CLASS = YES_ERROR;
				CLANG_WARN_SUSPICIOUS_MOVE = YES;
				CLANG_WARN_UNREACHABLE_CODE = YES;
				CLANG_WARN__DUPLICATE_METHOD_MATCH = YES;
				"CODE_SIGN_IDENTITY[sdk=iphoneos*]" = "iPhone Developer";
				COPY_PHASE_STRIP = NO;
				DEBUG_INFORMATION_FORMAT = "dwarf-with-dsym";
				ENABLE_NS_ASSERTIONS = NO;
				ENABLE_STRICT_OBJC_MSGSEND = YES;
				GCC_C_LANGUAGE_STANDARD = gnu99;
				GCC_NO_COMMON_BLOCKS = YES;
				GCC_WARN_64_TO_32_BIT_CONVERSION = YES;
				GCC_WARN_ABOUT_RETURN_TYPE = YES_ERROR;
				GCC_WARN_UNDECLARED_SELECTOR = YES;
				GCC_WARN_UNINITIALIZED_AUTOS = YES_AGGRESSIVE;
				GCC_WARN_UNUSED_FUNCTION = YES;
				GCC_WARN_UNUSED_VARIABLE = YES;
				IPHONEOS_DEPLOYMENT_TARGET = 10.2;
				MTL_ENABLE_DEBUG_INFO = NO;
				SDKROOT = iphoneos;
				SWIFT_OPTIMIZATION_LEVEL = "-Owholemodule";
				TARGETED_DEVICE_FAMILY = "1,2";
				VALIDATE_PRODUCT = YES;
			};
			name = Release;
		};
		7E3629221E52B2A200C3C1B4 /* Debug */ = {
			isa = XCBuildConfiguration;
			buildSettings = {
				ASSETCATALOG_COMPILER_APPICON_NAME = AppIcon;
				DEVELOPMENT_TEAM = 5B8N6BYPKF;
				INFOPLIST_FILE = CUBANR/Info.plist;
				LD_RUNPATH_SEARCH_PATHS = "$(inherited) @executable_path/Frameworks";
				PRODUCT_BUNDLE_IDENTIFIER = alejandrocasanas.CUBANR;
				PRODUCT_NAME = "$(TARGET_NAME)";
				SWIFT_VERSION = 3.0;
			};
			name = Debug;
		};
		7E3629231E52B2A200C3C1B4 /* Release */ = {
			isa = XCBuildConfiguration;
			buildSettings = {
				ASSETCATALOG_COMPILER_APPICON_NAME = AppIcon;
				DEVELOPMENT_TEAM = 5B8N6BYPKF;
				INFOPLIST_FILE = CUBANR/Info.plist;
				LD_RUNPATH_SEARCH_PATHS = "$(inherited) @executable_path/Frameworks";
				PRODUCT_BUNDLE_IDENTIFIER = alejandrocasanas.CUBANR;
				PRODUCT_NAME = "$(TARGET_NAME)";
				SWIFT_VERSION = 3.0;
			};
			name = Release;
		};
/* End XCBuildConfiguration section */

/* Begin XCConfigurationList section */
		7E36290A1E52B2A100C3C1B4 /* Build configuration list for PBXProject "CUBANR" */ = {
			isa = XCConfigurationList;
			buildConfigurations = (
				7E36291F1E52B2A200C3C1B4 /* Debug */,
				7E3629201E52B2A200C3C1B4 /* Release */,
			);
			defaultConfigurationIsVisible = 0;
			defaultConfigurationName = Release;
		};
		7E3629211E52B2A200C3C1B4 /* Build configuration list for PBXNativeTarget "CUBANR" */ = {
			isa = XCConfigurationList;
			buildConfigurations = (
				7E3629221E52B2A200C3C1B4 /* Debug */,
				7E3629231E52B2A200C3C1B4 /* Release */,
			);
			defaultConfigurationIsVisible = 0;
			defaultConfigurationName = Release;
		};
/* End XCConfigurationList section */
	};
	rootObject = 7E3629071E52B2A100C3C1B4 /* Project object */;
}
